
Microsoft Visual Studio Solution File, Format Version 12.00
# Visual Studio Version 16
VisualStudioVersion = 16.0.29503.13
MinimumVisualStudioVersion = 10.0.40219.1
Project("{FAE04EC0-301F-11D3-BF4B-00C04F79EFBC}") = "AspDotNetProject_Ashraful", "AspDotNetProject_Ashraful\AspDotNetProject_Ashraful.csproj", "{0B02D735-8A93-4DC8-8AA7-C3D5B036A4FF}"
EndProject
Global
	GlobalSection(SolutionConfigurationPlatforms) = preSolution
		Debug|Any CPU = Debug|Any CPU
		Release|Any CPU = Release|Any CPU
	EndGlobalSection
	GlobalSection(ProjectConfigurationPlatforms) = postSolution
		{0B02D735-8A93-4DC8-8AA7-C3D5B036A4FF}.Debug|Any CPU.ActiveCfg = Debug|Any CPU
		{0B02D735-8A93-4DC8-8AA7-C3D5B036A4FF}.Debug|Any CPU.Build.0 = Debug|Any CPU
		{0B02D735-8A93-4DC8-8AA7-C3D5B036A4FF}.Release|Any CPU.ActiveCfg = Release|Any CPU
		{0B02D735-8A93-4DC8-8AA7-C3D5B036A4FF}.Release|Any CPU.Build.0 = Release|Any CPU
	EndGlobalSection
	GlobalSection(SolutionProperties) = preSolution
		HideSolutionNode = FALSE
	EndGlobalSection
	GlobalSection(ExtensibilityGlobals) = postSolution
		SolutionGuid = {7AC0DF90-FAB4-4FB0-8D8E-E9F844644CDF}
	EndGlobalSection
EndGlobal
